{
  "name": "flckrdl",
  "version": "1.0.0",
  "lockfileVersion": 1,
  "requires": true,
  "dependencies": {
    "dotenv": {
      "version": "6.1.0",
      "resolved": "https://registry.npmjs.org/dotenv/-/dotenv-6.1.0.tgz",
      "integrity": "sha512-/veDn2ztgRlB7gKmE3i9f6CmDIyXAy6d5nBq+whO9SLX+Zs1sXEgFLPi+aSuWqUuusMfbi84fT8j34fs1HaYUw=="
    },
    "is-wsl": {
      "version": "1.1.0",
      "resolved": "https://registry.npmjs.org/is-wsl/-/is-wsl-1.1.0.tgz",
      "integrity": "sha1-HxbkqiKwTRM2tmGIpmrzxgDDpm0="
    },
    "opn": {
      "version": "5.4.0",
      "resolved": "https://registry.npmjs.org/opn/-/opn-5.4.0.tgz",
      "integrity": "sha512-YF9MNdVy/0qvJvDtunAOzFw9iasOQHpVthTCvGzxt61Il64AYSGdK+rYwld7NAfk9qJ7dt+hymBNSc9LNYS+Sw==",
      "requires": {
        "is-wsl": "^1.1.0"
      }
    },
    "progress": {
      "version": "2.0.1",
      "resolved": "https://registry.npmjs.org/progress/-/progress-2.0.1.tgz",
      "integrity": "sha512-OE+a6vzqazc+K6LxJrX5UPyKFvGnL5CYmq2jFGNIBWHpc4QyE49/YOumcrpQFJpfejmvRtbJzgO1zPmMCqlbBg=="
    },
    "qs": {
      "version": "6.5.2",
      "resolved": "https://registry.npmjs.org/qs/-/qs-6.5.2.tgz",
      "integrity": "sha512-N5ZAX4/LxJmF+7wN74pUD6qAh9/wnvdQcjq9TZjevvXzSUo7bfmw91saqMjzGS2xq91/odN2dW/WOl7qQHNDGA=="
    },
    "request-compose": {
      "version": "1.0.0",
      "resolved": "https://registry.npmjs.org/request-compose/-/request-compose-1.0.0.tgz",
      "integrity": "sha512-ewi1+ALgx6Ij4Cgm1egYyPHLm6dDx0JX6xxlUWNs5qAQ1P/hJuYLexGgWUPC548vgttnegYfsHuNJAon9ak6WQ=="
    },
    "request-oauth": {
      "version": "0.0.3",
      "resolved": "https://registry.npmjs.org/request-oauth/-/request-oauth-0.0.3.tgz",
      "integrity": "sha512-q7WdJlpIcPaIDac0FZSy/yH37FO3UkUuPDIsiLALiLjuC6vzvuKIU14YIC3Lm0wtQRXS9GqvSo/fCYj8n75xSw==",
      "requires": {
        "oauth-sign": "^0.8.2",
        "qs": "^6.5.1",
        "uuid": "^3.2.1"
      },
      "dependencies": {
        "oauth-sign": {
          "version": "0.8.2",
          "resolved": "https://registry.npmjs.org/oauth-sign/-/oauth-sign-0.8.2.tgz",
          "integrity": "sha1-Rqarfwrq2N6unsBWV4C31O/rnUM="
        }
      }
    },
    "uuid": {
      "version": "3.3.2",
      "resolved": "https://registry.npmjs.org/uuid/-/uuid-3.3.2.tgz",
      "integrity": "sha512-yXJmeNaw3DnnKAOKJE51sL/ZaYfWJRl1pK9dr19YFCu0ObS231AB1/LbqTKRAQ5kw8A90rA6fr4riOUpTZvQZA=="
    }
  }
}
